
Microsoft Visual Studio Solution File, Format Version 12.00
# Visual Studio Version 17
VisualStudioVersion = 17.12.35527.113
MinimumVisualStudioVersion = 10.0.40219.1
Project("{FAE04EC0-301F-11D3-BF4B-00C04F79EFBC}") = "DXApplication1.Module", "DXApplication1.Module\DXApplication1.Module.csproj", "{3D632EF0-132D-421C-9C92-99E9CEC20811}"
EndProject
Project("{FAE04EC0-301F-11D3-BF4B-00C04F79EFBC}") = "DXApplication1.Blazor.Server", "DXApplication1.Blazor.Server\DXApplication1.Blazor.Server.csproj", "{332C539C-45AD-452C-A850-4ECDBFA88385}"
EndProject
Global
	GlobalSection(SolutionConfigurationPlatforms) = preSolution
		Debug|Any CPU = Debug|Any CPU
		EasyTest|Any CPU = EasyTest|Any CPU
		Release|Any CPU = Release|Any CPU
	EndGlobalSection
	GlobalSection(ProjectConfigurationPlatforms) = postSolution
		{3D632EF0-132D-421C-9C92-99E9CEC20811}.Debug|Any CPU.ActiveCfg = Debug|Any CPU
		{3D632EF0-132D-421C-9C92-99E9CEC20811}.Debug|Any CPU.Build.0 = Debug|Any CPU
		{3D632EF0-132D-421C-9C92-99E9CEC20811}.EasyTest|Any CPU.ActiveCfg = EasyTest|Any CPU
		{3D632EF0-132D-421C-9C92-99E9CEC20811}.EasyTest|Any CPU.Build.0 = EasyTest|Any CPU
		{3D632EF0-132D-421C-9C92-99E9CEC20811}.Release|Any CPU.ActiveCfg = Release|Any CPU
		{3D632EF0-132D-421C-9C92-99E9CEC20811}.Release|Any CPU.Build.0 = Release|Any CPU
		{332C539C-45AD-452C-A850-4ECDBFA88385}.Debug|Any CPU.ActiveCfg = Debug|Any CPU
		{332C539C-45AD-452C-A850-4ECDBFA88385}.Debug|Any CPU.Build.0 = Debug|Any CPU
		{332C539C-45AD-452C-A850-4ECDBFA88385}.EasyTest|Any CPU.ActiveCfg = EasyTest|Any CPU
		{332C539C-45AD-452C-A850-4ECDBFA88385}.EasyTest|Any CPU.Build.0 = EasyTest|Any CPU
		{332C539C-45AD-452C-A850-4ECDBFA88385}.Release|Any CPU.ActiveCfg = Release|Any CPU
		{332C539C-45AD-452C-A850-4ECDBFA88385}.Release|Any CPU.Build.0 = Release|Any CPU
	EndGlobalSection
	GlobalSection(SolutionProperties) = preSolution
		HideSolutionNode = FALSE
	EndGlobalSection
EndGlobal
